// !$*UTF8*$!
{
	archiveVersion = 1;
	classes = {
	};
	objectVersion = 50;
	objects = {

/* Begin PBXBuildFile section */
		730317142617A25700EDDAC2 /* AppDelegate.swift in Sources */ = {isa = PBXBuildFile; fileRef = 730317132617A25700EDDAC2 /* AppDelegate.swift */; };
		730317162617A25700EDDAC2 /* SceneDelegate.swift in Sources */ = {isa = PBXBuildFile; fileRef = 730317152617A25700EDDAC2 /* SceneDelegate.swift */; };
		730317182617A25700EDDAC2 /* ViewController.swift in Sources */ = {isa = PBXBuildFile; fileRef = 730317172617A25700EDDAC2 /* ViewController.swift */; };
		7303171B2617A25700EDDAC2 /* Main.storyboard in Resources */ = {isa = PBXBuildFile; fileRef = 730317192617A25700EDDAC2 /* Main.storyboard */; };
		7303171D2617A25C00EDDAC2 /* Assets.xcassets in Resources */ = {isa = PBXBuildFile; fileRef = 7303171C2617A25C00EDDAC2 /* Assets.xcassets */; };
		730317202617A25C00EDDAC2 /* LaunchScreen.storyboard in Resources */ = {isa = PBXBuildFile; fileRef = 7303171E2617A25C00EDDAC2 /* LaunchScreen.storyboard */; };
		7303172F2617A41700EDDAC2 /* Media.xcassets in Resources */ = {isa = PBXBuildFile; fileRef = 7303172E2617A41700EDDAC2 /* Media.xcassets */; };
		730317312617A41700EDDAC2 /* ActionViewController.swift in Sources */ = {isa = PBXBuildFile; fileRef = 730317302617A41700EDDAC2 /* ActionViewController.swift */; };
		730317342617A41700EDDAC2 /* MainInterface.storyboard in Resources */ = {isa = PBXBuildFile; fileRef = 730317322617A41700EDDAC2 /* MainInterface.storyboard */; };
		730317382617A41700EDDAC2 /* Extension.appex in Embed App Extensions */ = {isa = PBXBuildFile; fileRef = 7303172C2617A41700EDDAC2 /* Extension.appex */; settings = {ATTRIBUTES = (RemoveHeadersOnCopy, ); }; };
		730317402617A83900EDDAC2 /* Action.js in Resources */ = {isa = PBXBuildFile; fileRef = 7303173F2617A83900EDDAC2 /* Action.js */; };
		73EB3A7A261BE3AB007CD321 /* Script.swift in Sources */ = {isa = PBXBuildFile; fileRef = 73EB3A79261BE3AB007CD321 /* Script.swift */; };
		73EB3A7E261BE3CE007CD321 /* ScriptsTableViewController.swift in Sources */ = {isa = PBXBuildFile; fileRef = 73EB3A7D261BE3CE007CD321 /* ScriptsTableViewController.swift */; };
/* End PBXBuildFile section */

/* Begin PBXContainerItemProxy section */
		730317362617A41700EDDAC2 /* PBXContainerItemProxy */ = {
			isa = PBXContainerItemProxy;
			containerPortal = 730317082617A25700EDDAC2 /* Project object */;
			proxyType = 1;
			remoteGlobalIDString = 7303172B2617A41700EDDAC2;
			remoteInfo = Extension;
		};
/* End PBXContainerItemProxy section */

/* Begin PBXCopyFilesBuildPhase section */
		7303173C2617A41700EDDAC2 /* Embed App Extensions */ = {
			isa = PBXCopyFilesBuildPhase;
			buildActionMask = 2147483647;
			dstPath = "";
			dstSubfolderSpec = 13;
			files = (
				730317382617A41700EDDAC2 /* Extension.appex in Embed App Extensions */,
			);
			name = "Embed App Extensions";
			runOnlyForDeploymentPostprocessing = 0;
		};
/* End PBXCopyFilesBuildPhase section */

/* Begin PBXFileReference section */
		730317102617A25700EDDAC2 /* Project19.app */ = {isa = PBXFileReference; explicitFileType = wrapper.application; includeInIndex = 0; path = Project19.app; sourceTree = BUILT_PRODUCTS_DIR; };
		730317132617A25700EDDAC2 /* AppDelegate.swift */ = {isa = PBXFileReference; lastKnownFileType = sourcecode.swift; path = AppDelegate.swift; sourceTree = "<group>"; };
		730317152617A25700EDDAC2 /* SceneDelegate.swift */ = {isa = PBXFileReference; lastKnownFileType = sourcecode.swift; path = SceneDelegate.swift; sourceTree = "<group>"; };
		730317172617A25700EDDAC2 /* ViewController.swift */ = {isa = PBXFileReference; lastKnownFileType = sourcecode.swift; path = ViewController.swift; sourceTree = "<group>"; };
		7303171A2617A25700EDDAC2 /* Base */ = {isa = PBXFileReference; lastKnownFileType = file.storyboard; name = Base; path = Base.lproj/Main.storyboard; sourceTree = "<group>"; };
		7303171C2617A25C00EDDAC2 /* Assets.xcassets */ = {isa = PBXFileReference; lastKnownFileType = folder.assetcatalog; path = Assets.xcassets; sourceTree = "<group>"; };
		7303171F2617A25C00EDDAC2 /* Base */ = {isa = PBXFileReference; lastKnownFileType = file.storyboard; name = Base; path = Base.lproj/LaunchScreen.storyboard; sourceTree = "<group>"; };
		730317212617A25C00EDDAC2 /* Info.plist */ = {isa = PBXFileReference; lastKnownFileType = text.plist.xml; path = Info.plist; sourceTree = "<group>"; };
		7303172C2617A41700EDDAC2 /* Extension.appex */ = {isa = PBXFileReference; explicitFileType = "wrapper.app-extension"; includeInIndex = 0; path = Extension.appex; sourceTree = BUILT_PRODUCTS_DIR; };
		7303172E2617A41700EDDAC2 /* Media.xcassets */ = {isa = PBXFileReference; lastKnownFileType = folder.assetcatalog; path = Media.xcassets; sourceTree = "<group>"; };
		730317302617A41700EDDAC2 /* ActionViewController.swift */ = {isa = PBXFileReference; lastKnownFileType = sourcecode.swift; path = ActionViewController.swift; sourceTree = "<group>"; };
		730317332617A41700EDDAC2 /* Base */ = {isa = PBXFileReference; lastKnownFileType = file.storyboard; name = Base; path = Base.lproj/MainInterface.storyboard; sourceTree = "<group>"; };
		730317352617A41700EDDAC2 /* Info.plist */ = {isa = PBXFileReference; lastKnownFileType = text.plist.xml; path = Info.plist; sourceTree = "<group>"; };
		7303173F2617A83900EDDAC2 /* Action.js */ = {isa = PBXFileReference; lastKnownFileType = sourcecode.javascript; path = Action.js; sourceTree = "<group>"; };
		73EB3A79261BE3AB007CD321 /* Script.swift */ = {isa = PBXFileReference; lastKnownFileType = sourcecode.swift; path = Script.swift; sourceTree = "<group>"; };
		73EB3A7D261BE3CE007CD321 /* ScriptsTableViewController.swift */ = {isa = PBXFileReference; lastKnownFileType = sourcecode.swift; path = ScriptsTableViewController.swift; sourceTree = "<group>"; };
/* End PBXFileReference section */

/* Begin PBXFrameworksBuildPhase section */
		7303170D2617A25700EDDAC2 /* Frameworks */ = {
			isa = PBXFrameworksBuildPhase;
			buildActionMask = 2147483647;
			files = (
			);
			runOnlyForDeploymentPostprocessing = 0;
		};
		730317292617A41700EDDAC2 /* Frameworks */ = {
			isa = PBXFrameworksBuildPhase;
			buildActionMask = 2147483647;
			files = (
			);
			runOnlyForDeploymentPostprocessing = 0;
		};
/* End PBXFrameworksBuildPhase section */

/* Begin PBXGroup section */
		730317072617A25700EDDAC2 = {
			isa = PBXGroup;
			children = (
				730317122617A25700EDDAC2 /* Project19 */,
				7303172D2617A41700EDDAC2 /* Extension */,
				730317112617A25700EDDAC2 /* Products */,
			);
			sourceTree = "<group>";
		};
		730317112617A25700EDDAC2 /* Products */ = {
			isa = PBXGroup;
			children = (
				730317102617A25700EDDAC2 /* Project19.app */,
				7303172C2617A41700EDDAC2 /* Extension.appex */,
			);
			name = Products;
			sourceTree = "<group>";
		};
		730317122617A25700EDDAC2 /* Project19 */ = {
			isa = PBXGroup;
			children = (
				730317132617A25700EDDAC2 /* AppDelegate.swift */,
				730317152617A25700EDDAC2 /* SceneDelegate.swift */,
				730317172617A25700EDDAC2 /* ViewController.swift */,
				730317192617A25700EDDAC2 /* Main.storyboard */,
				7303171C2617A25C00EDDAC2 /* Assets.xcassets */,
				7303171E2617A25C00EDDAC2 /* LaunchScreen.storyboard */,
				730317212617A25C00EDDAC2 /* Info.plist */,
			);
			path = Project19;
			sourceTree = "<group>";
		};
		7303172D2617A41700EDDAC2 /* Extension */ = {
			isa = PBXGroup;
			children = (
				7303172E2617A41700EDDAC2 /* Media.xcassets */,
				730317302617A41700EDDAC2 /* ActionViewController.swift */,
				73EB3A7D261BE3CE007CD321 /* ScriptsTableViewController.swift */,
				73EB3A79261BE3AB007CD321 /* Script.swift */,
				730317322617A41700EDDAC2 /* MainInterface.storyboard */,
				730317352617A41700EDDAC2 /* Info.plist */,
				7303173F2617A83900EDDAC2 /* Action.js */,
			);
			path = Extension;
			sourceTree = "<group>";
		};
/* End PBXGroup section */

/* Begin PBXNativeTarget section */
		7303170F2617A25700EDDAC2 /* Project19 */ = {
			isa = PBXNativeTarget;
			buildConfigurationList = 730317242617A25C00EDDAC2 /* Build configuration list for PBXNativeTarget "Project19" */;
			buildPhases = (
				7303170C2617A25700EDDAC2 /* Sources */,
				7303170D2617A25700EDDAC2 /* Frameworks */,
				7303170E2617A25700EDDAC2 /* Resources */,
				7303173C2617A41700EDDAC2 /* Embed App Extensions */,
			);
			buildRules = (
			);
			dependencies = (
				730317372617A41700EDDAC2 /* PBXTargetDependency */,
			);
			name = Project19;
			productName = Project19;
			productReference = 730317102617A25700EDDAC2 /* Project19.app */;
			productType = "com.apple.product-type.application";
		};
		7303172B2617A41700EDDAC2 /* Extension */ = {
			isa = PBXNativeTarget;
			buildConfigurationList = 730317392617A41700EDDAC2 /* Build configuration list for PBXNativeTarget "Extension" */;
			buildPhases = (
				730317282617A41700EDDAC2 /* Sources */,
				730317292617A41700EDDAC2 /* Frameworks */,
				7303172A2617A41700EDDAC2 /* Resources */,
			);
			buildRules = (
			);
			dependencies = (
			);
			name = Extension;
			productName = Extension;
			productReference = 7303172C2617A41700EDDAC2 /* Extension.appex */;
			productType = "com.apple.product-type.app-extension";
		};
/* End PBXNativeTarget section */

/* Begin PBXProject section */
		730317082617A25700EDDAC2 /* Project object */ = {
			isa = PBXProject;
			attributes = {
				LastSwiftUpdateCheck = 1240;
				LastUpgradeCheck = 1240;
				TargetAttributes = {
					7303170F2617A25700EDDAC2 = {
						CreatedOnToolsVersion = 12.4;
					};
					7303172B2617A41700EDDAC2 = {
						CreatedOnToolsVersion = 12.4;
					};
				};
			};
			buildConfigurationList = 7303170B2617A25700EDDAC2 /* Build configuration list for PBXProject "Project19" */;
			compatibilityVersion = "Xcode 9.3";
			developmentRegion = en;
			hasScannedForEncodings = 0;
			knownRegions = (
				en,
				Base,
			);
			mainGroup = 730317072617A25700EDDAC2;
			productRefGroup = 730317112617A25700EDDAC2 /* Products */;
			projectDirPath = "";
			projectRoot = "";
			targets = (
				7303170F2617A25700EDDAC2 /* Project19 */,
				7303172B2617A41700EDDAC2 /* Extension */,
			);
		};
/* End PBXProject section */

/* Begin PBXResourcesBuildPhase section */
		7303170E2617A25700EDDAC2 /* Resources */ = {
			isa = PBXResourcesBuildPhase;
			buildActionMask = 2147483647;
			files = (
				730317202617A25C00EDDAC2 /* LaunchScreen.storyboard in Resources */,
				7303171D2617A25C00EDDAC2 /* Assets.xcassets in Resources */,
				7303171B2617A25700EDDAC2 /* Main.storyboard in Resources */,
			);
			runOnlyForDeploymentPostprocessing = 0;
		};
		7303172A2617A41700EDDAC2 /* Resources */ = {
			isa = PBXResourcesBuildPhase;
			buildActionMask = 2147483647;
			files = (
				730317402617A83900EDDAC2 /* Action.js in Resources */,
				7303172F2617A41700EDDAC2 /* Media.xcassets in Resources */,
				730317342617A41700EDDAC2 /* MainInterface.storyboard in Resources */,
			);
			runOnlyForDeploymentPostprocessing = 0;
		};
/* End PBXResourcesBuildPhase section */

/* Begin PBXSourcesBuildPhase section */
		7303170C2617A25700EDDAC2 /* Sources */ = {
			isa = PBXSourcesBuildPhase;
			buildActionMask = 2147483647;
			files = (
				730317182617A25700EDDAC2 /* ViewController.swift in Sources */,
				730317142617A25700EDDAC2 /* AppDelegate.swift in Sources */,
				730317162617A25700EDDAC2 /* SceneDelegate.swift in Sources */,
			);
			runOnlyForDeploymentPostprocessing = 0;
		};
		730317282617A41700EDDAC2 /* Sources */ = {
			isa = PBXSourcesBuildPhase;
			buildActionMask = 2147483647;
			files = (
				73EB3A7A261BE3AB007CD321 /* Script.swift in Sources */,
				730317312617A41700EDDAC2 /* ActionViewController.swift in Sources */,
				73EB3A7E261BE3CE007CD321 /* ScriptsTableViewController.swift in Sources */,
			);
			runOnlyForDeploymentPostprocessing = 0;
		};
/* End PBXSourcesBuildPhase section */

/* Begin PBXTargetDependency section */
		730317372617A41700EDDAC2 /* PBXTargetDependency */ = {
			isa = PBXTargetDependency;
			target = 7303172B2617A41700EDDAC2 /* Extension */;
			targetProxy = 730317362617A41700EDDAC2 /* PBXContainerItemProxy */;
		};
/* End PBXTargetDependency section */

/* Begin PBXVariantGroup section */
		730317192617A25700EDDAC2 /* Main.storyboard */ = {
			isa = PBXVariantGroup;
			children = (
				7303171A2617A25700EDDAC2 /* Base */,
			);
			name = Main.storyboard;
			sourceTree = "<group>";
		};
		7303171E2617A25C00EDDAC2 /* LaunchScreen.storyboard */ = {
			isa = PBXVariantGroup;
			children = (
				7303171F2617A25C00EDDAC2 /* Base */,
			);
			name = LaunchScreen.storyboard;
			sourceTree = "<group>";
		};
		730317322617A41700EDDAC2 /* MainInterface.storyboard */ = {
			isa = PBXVariantGroup;
			children = (
				730317332617A41700EDDAC2 /* Base */,
			);
			name = MainInterface.storyboard;
			sourceTree = "<group>";
		};
/* End PBXVariantGroup section */

/* Begin XCBuildConfiguration section */
		730317222617A25C00EDDAC2 /* Debug */ = {
			isa = XCBuildConfiguration;
			buildSettings = {
				ALWAYS_SEARCH_USER_PATHS = NO;
				CLANG_ANALYZER_NONNULL = YES;
				CLANG_ANALYZER_NUMBER_OBJECT_CONVERSION = YES_AGGRESSIVE;
				CLANG_CXX_LANGUAGE_STANDARD = "gnu++14";
				CLANG_CXX_LIBRARY = "libc++";
				CLANG_ENABLE_MODULES = YES;
				CLANG_ENABLE_OBJC_ARC = YES;
				CLANG_ENABLE_OBJC_WEAK = YES;
				CLANG_WARN_BLOCK_CAPTURE_AUTORELEASING = YES;
				CLANG_WARN_BOOL_CONVERSION = YES;
				CLANG_WARN_COMMA = YES;
				CLANG_WARN_CONSTANT_CONVERSION = YES;
				CLANG_WARN_DEPRECATED_OBJC_IMPLEMENTATIONS = YES;
				CLANG_WARN_DIRECT_OBJC_ISA_USAGE = YES_ERROR;
				CLANG_WARN_DOCUMENTATION_COMMENTS = YES;
				CLANG_WARN_EMPTY_BODY = YES;
				CLANG_WARN_ENUM_CONVERSION = YES;
				CLANG_WARN_INFINITE_RECURSION = YES;
				CLANG_WARN_INT_CONVERSION = YES;
				CLANG_WARN_NON_LITERAL_NULL_CONVERSION = YES;
				CLANG_WARN_OBJC_IMPLICIT_RETAIN_SELF = YES;
				CLANG_WARN_OBJC_LITERAL_CONVERSION = YES;
				CLANG_WARN_OBJC_ROOT_CLASS = YES_ERROR;
				CLANG_WARN_QUOTED_INCLUDE_IN_FRAMEWORK_HEADER = YES;
				CLANG_WARN_RANGE_LOOP_ANALYSIS = YES;
				CLANG_WARN_STRICT_PROTOTYPES = YES;
				CLANG_WARN_SUSPICIOUS_MOVE = YES;
				CLANG_WARN_UNGUARDED_AVAILABILITY = YES_AGGRESSIVE;
				CLANG_WARN_UNREACHABLE_CODE = YES;
				CLANG_WARN__DUPLICATE_METHOD_MATCH = YES;
				COPY_PHASE_STRIP = NO;
				DEBUG_INFORMATION_FORMAT = dwarf;
				ENABLE_STRICT_OBJC_MSGSEND = YES;
				ENABLE_TESTABILITY = YES;
				GCC_C_LANGUAGE_STANDARD = gnu11;
				GCC_DYNAMIC_NO_PIC = NO;
				GCC_NO_COMMON_BLOCKS = YES;
				GCC_OPTIMIZATION_LEVEL = 0;
				GCC_PREPROCESSOR_DEFINITIONS = (
					"DEBUG=1",
					"$(inherited)",
				);
				GCC_WARN_64_TO_32_BIT_CONVERSION = YES;
				GCC_WARN_ABOUT_RETURN_TYPE = YES_ERROR;
				GCC_WARN_UNDECLARED_SELECTOR = YES;
				GCC_WARN_UNINITIALIZED_AUTOS = YES_AGGRESSIVE;
				GCC_WARN_UNUSED_FUNCTION = YES;
				GCC_WARN_UNUSED_VARIABLE = YES;
				IPHONEOS_DEPLOYMENT_TARGET = 14.4;
				MTL_ENABLE_DEBUG_INFO = INCLUDE_SOURCE;
				MTL_FAST_MATH = YES;
				ONLY_ACTIVE_ARCH = YES;
				SDKROOT = iphoneos;
				SWIFT_ACTIVE_COMPILATION_CONDITIONS = DEBUG;
				SWIFT_OPTIMIZATION_LEVEL = "-Onone";
			};
			name = Debug;
		};
		730317232617A25C00EDDAC2 /* Release */ = {
			isa = XCBuildConfiguration;
			buildSettings = {
				ALWAYS_SEARCH_USER_PATHS = NO;
				CLANG_ANALYZER_NONNULL = YES;
				CLANG_ANALYZER_NUMBER_OBJECT_CONVERSION = YES_AGGRESSIVE;
				CLANG_CXX_LANGUAGE_STANDARD = "gnu++14";
				CLANG_CXX_LIBRARY = "libc++";
				CLANG_ENABLE_MODULES = YES;
				CLANG_ENABLE_OBJC_ARC = YES;
				CLANG_ENABLE_OBJC_WEAK = YES;
				CLANG_WARN_BLOCK_CAPTURE_AUTORELEASING = YES;
				CLANG_WARN_BOOL_CONVERSION = YES;
				CLANG_WARN_COMMA = YES;
				CLANG_WARN_CONSTANT_CONVERSION = YES;
				CLANG_WARN_DEPRECATED_OBJC_IMPLEMENTATIONS = YES;
				CLANG_WARN_DIRECT_OBJC_ISA_USAGE = YES_ERROR;
				CLANG_WARN_DOCUMENTATION_COMMENTS = YES;
				CLANG_WARN_EMPTY_BODY = YES;
				CLANG_WARN_ENUM_CONVERSION = YES;
				CLANG_WARN_INFINITE_RECURSION = YES;
				CLANG_WARN_INT_CONVERSION = YES;
				CLANG_WARN_NON_LITERAL_NULL_CONVERSION = YES;
				CLANG_WARN_OBJC_IMPLICIT_RETAIN_SELF = YES;
				CLANG_WARN_OBJC_LITERAL_CONVERSION = YES;
				CLANG_WARN_OBJC_ROOT_CLASS = YES_ERROR;
				CLANG_WARN_QUOTED_INCLUDE_IN_FRAMEWORK_HEADER = YES;
				CLANG_WARN_RANGE_LOOP_ANALYSIS = YES;
				CLANG_WARN_STRICT_PROTOTYPES = YES;
				CLANG_WARN_SUSPICIOUS_MOVE = YES;
				CLANG_WARN_UNGUARDED_AVAILABILITY = YES_AGGRESSIVE;
				CLANG_WARN_UNREACHABLE_CODE = YES;
				CLANG_WARN__DUPLICATE_METHOD_MATCH = YES;
				COPY_PHASE_STRIP = NO;
				DEBUG_INFORMATION_FORMAT = "dwarf-with-dsym";
				ENABLE_NS_ASSERTIONS = NO;
				ENABLE_STRICT_OBJC_MSGSEND = YES;
				GCC_C_LANGUAGE_STANDARD = gnu11;
				GCC_NO_COMMON_BLOCKS = YES;
				GCC_WARN_64_TO_32_BIT_CONVERSION = YES;
				GCC_WARN_ABOUT_RETURN_TYPE = YES_ERROR;
				GCC_WARN_UNDECLARED_SELECTOR = YES;
				GCC_WARN_UNINITIALIZED_AUTOS = YES_AGGRESSIVE;
				GCC_WARN_UNUSED_FUNCTION = YES;
				GCC_WARN_UNUSED_VARIABLE = YES;
				IPHONEOS_DEPLOYMENT_TARGET = 14.4;
				MTL_ENABLE_DEBUG_INFO = NO;
				MTL_FAST_MATH = YES;
				SDKROOT = iphoneos;
				SWIFT_COMPILATION_MODE = wholemodule;
				SWIFT_OPTIMIZATION_LEVEL = "-O";
				VALIDATE_PRODUCT = YES;
			};
			name = Release;
		};
		730317252617A25C00EDDAC2 /* Debug */ = {
			isa = XCBuildConfiguration;
			buildSettings = {
				ALWAYS_EMBED_SWIFT_STANDARD_LIBRARIES = YES;
				ASSETCATALOG_COMPILER_APPICON_NAME = AppIcon;
				ASSETCATALOG_COMPILER_GLOBAL_ACCENT_COLOR_NAME = AccentColor;
				CODE_SIGN_STYLE = Automatic;
				DEVELOPMENT_TEAM = B8S3XX26KL;
				INFOPLIST_FILE = Project19/Info.plist;
				LD_RUNPATH_SEARCH_PATHS = (
					"$(inherited)",
					"@executable_path/Frameworks",
				);
				PRODUCT_BUNDLE_IDENTIFIER = com.CarmenMorado.Project19;
				PRODUCT_NAME = "$(TARGET_NAME)";
				SWIFT_VERSION = 5.0;
				TARGETED_DEVICE_FAMILY = "1,2";
			};
			name = Debug;
		};
		730317262617A25C00EDDAC2 /* Release */ = {
			isa = XCBuildConfiguration;
			buildSettings = {
				ALWAYS_EMBED_SWIFT_STANDARD_LIBRARIES = YES;
				ASSETCATALOG_COMPILER_APPICON_NAME = AppIcon;
				ASSETCATALOG_COMPILER_GLOBAL_ACCENT_COLOR_NAME = AccentColor;
				CODE_SIGN_STYLE = Automatic;
				DEVELOPMENT_TEAM = B8S3XX26KL;
				INFOPLIST_FILE = Project19/Info.plist;
				LD_RUNPATH_SEARCH_PATHS = (
					"$(inherited)",
					"@executable_path/Frameworks",
				);
				PRODUCT_BUNDLE_IDENTIFIER = com.CarmenMorado.Project19;
				PRODUCT_NAME = "$(TARGET_NAME)";
				SWIFT_VERSION = 5.0;
				TARGETED_DEVICE_FAMILY = "1,2";
			};
			name = Release;
		};
		7303173A2617A41700EDDAC2 /* Debug */ = {
			isa = XCBuildConfiguration;
			buildSettings = {
				CODE_SIGN_STYLE = Automatic;
				DEVELOPMENT_TEAM = B8S3XX26KL;
				INFOPLIST_FILE = Extension/Info.plist;
				LD_RUNPATH_SEARCH_PATHS = (
					"$(inherited)",
					"@executable_path/Frameworks",
					"@executable_path/../../Frameworks",
				);
				PRODUCT_BUNDLE_IDENTIFIER = com.CarmenMorado.Project19.Extension;
				PRODUCT_NAME = "$(TARGET_NAME)";
				SKIP_INSTALL = YES;
				SWIFT_VERSION = 5.0;
				TARGETED_DEVICE_FAMILY = "1,2";
			};
			name = Debug;
		};
		7303173B2617A41700EDDAC2 /* Release */ = {
			isa = XCBuildConfiguration;
			buildSettings = {
				CODE_SIGN_STYLE = Automatic;
				DEVELOPMENT_TEAM = B8S3XX26KL;
				INFOPLIST_FILE = Extension/Info.plist;
				LD_RUNPATH_SEARCH_PATHS = (
					"$(inherited)",
					"@executable_path/Frameworks",
					"@executable_path/../../Frameworks",
				);
				PRODUCT_BUNDLE_IDENTIFIER = com.CarmenMorado.Project19.Extension;
				PRODUCT_NAME = "$(TARGET_NAME)";
				SKIP_INSTALL = YES;
				SWIFT_VERSION = 5.0;
				TARGETED_DEVICE_FAMILY = "1,2";
			};
			name = Release;
		};
/* End XCBuildConfiguration section */

/* Begin XCConfigurationList section */
		7303170B2617A25700EDDAC2 /* Build configuration list for PBXProject "Project19" */ = {
			isa = XCConfigurationList;
			buildConfigurations = (
				730317222617A25C00EDDAC2 /* Debug */,
				730317232617A25C00EDDAC2 /* Release */,
			);
			defaultConfigurationIsVisible = 0;
			defaultConfigurationName = Release;
		};
		730317242617A25C00EDDAC2 /* Build configuration list for PBXNativeTarget "Project19" */ = {
			isa = XCConfigurationList;
			buildConfigurations = (
				730317252617A25C00EDDAC2 /* Debug */,
				730317262617A25C00EDDAC2 /* Release */,
			);
			defaultConfigurationIsVisible = 0;
			defaultConfigurationName = Release;
		};
		730317392617A41700EDDAC2 /* Build configuration list for PBXNativeTarget "Extension" */ = {
			isa = XCConfigurationList;
			buildConfigurations = (
				7303173A2617A41700EDDAC2 /* Debug */,
				7303173B2617A41700EDDAC2 /* Release */,
			);
			defaultConfigurationIsVisible = 0;
			defaultConfigurationName = Release;
		};
/* End XCConfigurationList section */
	};
	rootObject = 730317082617A25700EDDAC2 /* Project object */;
}
